// !$*UTF8*$!
{
	archiveVersion = 1;
	classes = {
	};
	objectVersion = 56;
	objects = {

/* Begin PBXBuildFile section */
		BD1401632C53AADE003E1A77 /* quizApp.swift in Sources */ = {isa = PBXBuildFile; fileRef = BD1401622C53AADE003E1A77 /* quizApp.swift */; };
		BD1401652C53AADE003E1A77 /* ContentView.swift in Sources */ = {isa = PBXBuildFile; fileRef = BD1401642C53AADE003E1A77 /* ContentView.swift */; };
		BD1401672C53AADF003E1A77 /* Assets.xcassets in Resources */ = {isa = PBXBuildFile; fileRef = BD1401662C53AADF003E1A77 /* Assets.xcassets */; };
		BD14016A2C53AADF003E1A77 /* Preview Assets.xcassets in Resources */ = {isa = PBXBuildFile; fileRef = BD1401692C53AADF003E1A77 /* Preview Assets.xcassets */; };
		BD1401742C53AADF003E1A77 /* quizTests.swift in Sources */ = {isa = PBXBuildFile; fileRef = BD1401732C53AADF003E1A77 /* quizTests.swift */; };
		BD14017E2C53AADF003E1A77 /* quizUITests.swift in Sources */ = {isa = PBXBuildFile; fileRef = BD14017D2C53AADF003E1A77 /* quizUITests.swift */; };
		BD1401802C53AADF003E1A77 /* quizUITestsLaunchTests.swift in Sources */ = {isa = PBXBuildFile; fileRef = BD14017F2C53AADF003E1A77 /* quizUITestsLaunchTests.swift */; };
		BD14018D2C53AB15003E1A77 /* secondView.swift in Sources */ = {isa = PBXBuildFile; fileRef = BD14018C2C53AB15003E1A77 /* secondView.swift */; };
		BD14018F2C53ADF5003E1A77 /* correct.swift in Sources */ = {isa = PBXBuildFile; fileRef = BD14018E2C53ADF5003E1A77 /* correct.swift */; };
		BD1401912C53AF7A003E1A77 /* incorrect.swift in Sources */ = {isa = PBXBuildFile; fileRef = BD1401902C53AF7A003E1A77 /* incorrect.swift */; };
		BD1401932C53B033003E1A77 /* first.swift in Sources */ = {isa = PBXBuildFile; fileRef = BD1401922C53B033003E1A77 /* first.swift */; };
		BD1401952C53B10C003E1A77 /* second.swift in Sources */ = {isa = PBXBuildFile; fileRef = BD1401942C53B10C003E1A77 /* second.swift */; };
		BD1401972C53B203003E1A77 /* correctTwo.swift in Sources */ = {isa = PBXBuildFile; fileRef = BD1401962C53B203003E1A77 /* correctTwo.swift */; };
		BD1401992C53B26F003E1A77 /* incorrectTwo.swift in Sources */ = {isa = PBXBuildFile; fileRef = BD1401982C53B26F003E1A77 /* incorrectTwo.swift */; };
		BD14019B2C53B2CC003E1A77 /* third.swift in Sources */ = {isa = PBXBuildFile; fileRef = BD14019A2C53B2CC003E1A77 /* third.swift */; };
		BD14019D2C53B431003E1A77 /* incorrectThree.swift in Sources */ = {isa = PBXBuildFile; fileRef = BD14019C2C53B431003E1A77 /* incorrectThree.swift */; };
		BD14019F2C53B497003E1A77 /* correctThree.swift in Sources */ = {isa = PBXBuildFile; fileRef = BD14019E2C53B497003E1A77 /* correctThree.swift */; };
		BD1401A12C53B53C003E1A77 /* winner.swift in Sources */ = {isa = PBXBuildFile; fileRef = BD1401A02C53B53C003E1A77 /* winner.swift */; };
/* End PBXBuildFile section */

/* Begin PBXContainerItemProxy section */
		BD1401702C53AADF003E1A77 /* PBXContainerItemProxy */ = {
			isa = PBXContainerItemProxy;
			containerPortal = BD1401572C53AADE003E1A77 /* Project object */;
			proxyType = 1;
			remoteGlobalIDString = BD14015E2C53AADE003E1A77;
			remoteInfo = quiz;
		};
		BD14017A2C53AADF003E1A77 /* PBXContainerItemProxy */ = {
			isa = PBXContainerItemProxy;
			containerPortal = BD1401572C53AADE003E1A77 /* Project object */;
			proxyType = 1;
			remoteGlobalIDString = BD14015E2C53AADE003E1A77;
			remoteInfo = quiz;
		};
/* End PBXContainerItemProxy section */

/* Begin PBXFileReference section */
		BD14015F2C53AADE003E1A77 /* quiz.app */ = {isa = PBXFileReference; explicitFileType = wrapper.application; includeInIndex = 0; path = quiz.app; sourceTree = BUILT_PRODUCTS_DIR; };
		BD1401622C53AADE003E1A77 /* quizApp.swift */ = {isa = PBXFileReference; lastKnownFileType = sourcecode.swift; path = quizApp.swift; sourceTree = "<group>"; };
		BD1401642C53AADE003E1A77 /* ContentView.swift */ = {isa = PBXFileReference; lastKnownFileType = sourcecode.swift; path = ContentView.swift; sourceTree = "<group>"; };
		BD1401662C53AADF003E1A77 /* Assets.xcassets */ = {isa = PBXFileReference; lastKnownFileType = folder.assetcatalog; path = Assets.xcassets; sourceTree = "<group>"; };
		BD1401692C53AADF003E1A77 /* Preview Assets.xcassets */ = {isa = PBXFileReference; lastKnownFileType = folder.assetcatalog; path = "Preview Assets.xcassets"; sourceTree = "<group>"; };
		BD14016F2C53AADF003E1A77 /* quizTests.xctest */ = {isa = PBXFileReference; explicitFileType = wrapper.cfbundle; includeInIndex = 0; path = quizTests.xctest; sourceTree = BUILT_PRODUCTS_DIR; };
		BD1401732C53AADF003E1A77 /* quizTests.swift */ = {isa = PBXFileReference; lastKnownFileType = sourcecode.swift; path = quizTests.swift; sourceTree = "<group>"; };
		BD1401792C53AADF003E1A77 /* quizUITests.xctest */ = {isa = PBXFileReference; explicitFileType = wrapper.cfbundle; includeInIndex = 0; path = quizUITests.xctest; sourceTree = BUILT_PRODUCTS_DIR; };
		BD14017D2C53AADF003E1A77 /* quizUITests.swift */ = {isa = PBXFileReference; lastKnownFileType = sourcecode.swift; path = quizUITests.swift; sourceTree = "<group>"; };
		BD14017F2C53AADF003E1A77 /* quizUITestsLaunchTests.swift */ = {isa = PBXFileReference; lastKnownFileType = sourcecode.swift; path = quizUITestsLaunchTests.swift; sourceTree = "<group>"; };
		BD14018C2C53AB15003E1A77 /* secondView.swift */ = {isa = PBXFileReference; lastKnownFileType = sourcecode.swift; path = secondView.swift; sourceTree = "<group>"; };
		BD14018E2C53ADF5003E1A77 /* correct.swift */ = {isa = PBXFileReference; lastKnownFileType = sourcecode.swift; path = correct.swift; sourceTree = "<group>"; };
		BD1401902C53AF7A003E1A77 /* incorrect.swift */ = {isa = PBXFileReference; lastKnownFileType = sourcecode.swift; path = incorrect.swift; sourceTree = "<group>"; };
		BD1401922C53B033003E1A77 /* first.swift */ = {isa = PBXFileReference; lastKnownFileType = sourcecode.swift; path = first.swift; sourceTree = "<group>"; };
		BD1401942C53B10C003E1A77 /* second.swift */ = {isa = PBXFileReference; lastKnownFileType = sourcecode.swift; path = second.swift; sourceTree = "<group>"; };
		BD1401962C53B203003E1A77 /* correctTwo.swift */ = {isa = PBXFileReference; lastKnownFileType = sourcecode.swift; path = correctTwo.swift; sourceTree = "<group>"; };
		BD1401982C53B26F003E1A77 /* incorrectTwo.swift */ = {isa = PBXFileReference; lastKnownFileType = sourcecode.swift; path = incorrectTwo.swift; sourceTree = "<group>"; };
		BD14019A2C53B2CC003E1A77 /* third.swift */ = {isa = PBXFileReference; lastKnownFileType = sourcecode.swift; path = third.swift; sourceTree = "<group>"; };
		BD14019C2C53B431003E1A77 /* incorrectThree.swift */ = {isa = PBXFileReference; lastKnownFileType = sourcecode.swift; path = incorrectThree.swift; sourceTree = "<group>"; };
		BD14019E2C53B497003E1A77 /* correctThree.swift */ = {isa = PBXFileReference; lastKnownFileType = sourcecode.swift; path = correctThree.swift; sourceTree = "<group>"; };
		BD1401A02C53B53C003E1A77 /* winner.swift */ = {isa = PBXFileReference; lastKnownFileType = sourcecode.swift; path = winner.swift; sourceTree = "<group>"; };
/* End PBXFileReference section */

/* Begin PBXFrameworksBuildPhase section */
		BD14015C2C53AADE003E1A77 /* Frameworks */ = {
			isa = PBXFrameworksBuildPhase;
			buildActionMask = 2147483647;
			files = (
			);
			runOnlyForDeploymentPostprocessing = 0;
		};
		BD14016C2C53AADF003E1A77 /* Frameworks */ = {
			isa = PBXFrameworksBuildPhase;
			buildActionMask = 2147483647;
			files = (
			);
			runOnlyForDeploymentPostprocessing = 0;
		};
		BD1401762C53AADF003E1A77 /* Frameworks */ = {
			isa = PBXFrameworksBuildPhase;
			buildActionMask = 2147483647;
			files = (
			);
			runOnlyForDeploymentPostprocessing = 0;
		};
/* End PBXFrameworksBuildPhase section */

/* Begin PBXGroup section */
		BD1401562C53AADE003E1A77 = {
			isa = PBXGroup;
			children = (
				BD14019A2C53B2CC003E1A77 /* third.swift */,
				BD1401962C53B203003E1A77 /* correctTwo.swift */,
				BD14019E2C53B497003E1A77 /* correctThree.swift */,
				BD1401A02C53B53C003E1A77 /* winner.swift */,
				BD1401922C53B033003E1A77 /* first.swift */,
				BD14018E2C53ADF5003E1A77 /* correct.swift */,
				BD1401942C53B10C003E1A77 /* second.swift */,
				BD1401902C53AF7A003E1A77 /* incorrect.swift */,
				BD1401982C53B26F003E1A77 /* incorrectTwo.swift */,
				BD14019C2C53B431003E1A77 /* incorrectThree.swift */,
				BD1401612C53AADE003E1A77 /* quiz */,
				BD1401722C53AADF003E1A77 /* quizTests */,
				BD14017C2C53AADF003E1A77 /* quizUITests */,
				BD1401602C53AADE003E1A77 /* Products */,
			);
			sourceTree = "<group>";
		};
		BD1401602C53AADE003E1A77 /* Products */ = {
			isa = PBXGroup;
			children = (
				BD14015F2C53AADE003E1A77 /* quiz.app */,
				BD14016F2C53AADF003E1A77 /* quizTests.xctest */,
				BD1401792C53AADF003E1A77 /* quizUITests.xctest */,
			);
			name = Products;
			sourceTree = "<group>";
		};
		BD1401612C53AADE003E1A77 /* quiz */ = {
			isa = PBXGroup;
			children = (
				BD1401622C53AADE003E1A77 /* quizApp.swift */,
				BD1401642C53AADE003E1A77 /* ContentView.swift */,
				BD14018C2C53AB15003E1A77 /* secondView.swift */,
				BD1401662C53AADF003E1A77 /* Assets.xcassets */,
				BD1401682C53AADF003E1A77 /* Preview Content */,
			);
			path = quiz;
			sourceTree = "<group>";
		};
		BD1401682C53AADF003E1A77 /* Preview Content */ = {
			isa = PBXGroup;
			children = (
				BD1401692C53AADF003E1A77 /* Preview Assets.xcassets */,
			);
			path = "Preview Content";
			sourceTree = "<group>";
		};
		BD1401722C53AADF003E1A77 /* quizTests */ = {
			isa = PBXGroup;
			children = (
				BD1401732C53AADF003E1A77 /* quizTests.swift */,
			);
			path = quizTests;
			sourceTree = "<group>";
		};
		BD14017C2C53AADF003E1A77 /* quizUITests */ = {
			isa = PBXGroup;
			children = (
				BD14017D2C53AADF003E1A77 /* quizUITests.swift */,
				BD14017F2C53AADF003E1A77 /* quizUITestsLaunchTests.swift */,
			);
			path = quizUITests;
			sourceTree = "<group>";
		};
/* End PBXGroup section */

/* Begin PBXNativeTarget section */
		BD14015E2C53AADE003E1A77 /* quiz */ = {
			isa = PBXNativeTarget;
			buildConfigurationList = BD1401832C53AADF003E1A77 /* Build configuration list for PBXNativeTarget "quiz" */;
			buildPhases = (
				BD14015B2C53AADE003E1A77 /* Sources */,
				BD14015C2C53AADE003E1A77 /* Frameworks */,
				BD14015D2C53AADE003E1A77 /* Resources */,
			);
			buildRules = (
			);
			dependencies = (
			);
			name = quiz;
			productName = quiz;
			productReference = BD14015F2C53AADE003E1A77 /* quiz.app */;
			productType = "com.apple.product-type.application";
		};
		BD14016E2C53AADF003E1A77 /* quizTests */ = {
			isa = PBXNativeTarget;
			buildConfigurationList = BD1401862C53AADF003E1A77 /* Build configuration list for PBXNativeTarget "quizTests" */;
			buildPhases = (
				BD14016B2C53AADF003E1A77 /* Sources */,
				BD14016C2C53AADF003E1A77 /* Frameworks */,
				BD14016D2C53AADF003E1A77 /* Resources */,
			);
			buildRules = (
			);
			dependencies = (
				BD1401712C53AADF003E1A77 /* PBXTargetDependency */,
			);
			name = quizTests;
			productName = quizTests;
			productReference = BD14016F2C53AADF003E1A77 /* quizTests.xctest */;
			productType = "com.apple.product-type.bundle.unit-test";
		};
		BD1401782C53AADF003E1A77 /* quizUITests */ = {
			isa = PBXNativeTarget;
			buildConfigurationList = BD1401892C53AADF003E1A77 /* Build configuration list for PBXNativeTarget "quizUITests" */;
			buildPhases = (
				BD1401752C53AADF003E1A77 /* Sources */,
				BD1401762C53AADF003E1A77 /* Frameworks */,
				BD1401772C53AADF003E1A77 /* Resources */,
			);
			buildRules = (
			);
			dependencies = (
				BD14017B2C53AADF003E1A77 /* PBXTargetDependency */,
			);
			name = quizUITests;
			productName = quizUITests;
			productReference = BD1401792C53AADF003E1A77 /* quizUITests.xctest */;
			productType = "com.apple.product-type.bundle.ui-testing";
		};
/* End PBXNativeTarget section */

/* Begin PBXProject section */
		BD1401572C53AADE003E1A77 /* Project object */ = {
			isa = PBXProject;
			attributes = {
				BuildIndependentTargetsInParallel = 1;
				LastSwiftUpdateCheck = 1540;
				LastUpgradeCheck = 1540;
				TargetAttributes = {
					BD14015E2C53AADE003E1A77 = {
						CreatedOnToolsVersion = 15.4;
					};
					BD14016E2C53AADF003E1A77 = {
						CreatedOnToolsVersion = 15.4;
						TestTargetID = BD14015E2C53AADE003E1A77;
					};
					BD1401782C53AADF003E1A77 = {
						CreatedOnToolsVersion = 15.4;
						TestTargetID = BD14015E2C53AADE003E1A77;
					};
				};
			};
			buildConfigurationList = BD14015A2C53AADE003E1A77 /* Build configuration list for PBXProject "quiz" */;
			compatibilityVersion = "Xcode 14.0";
			developmentRegion = en;
			hasScannedForEncodings = 0;
			knownRegions = (
				en,
				Base,
			);
			mainGroup = BD1401562C53AADE003E1A77;
			productRefGroup = BD1401602C53AADE003E1A77 /* Products */;
			projectDirPath = "";
			projectRoot = "";
			targets = (
				BD14015E2C53AADE003E1A77 /* quiz */,
				BD14016E2C53AADF003E1A77 /* quizTests */,
				BD1401782C53AADF003E1A77 /* quizUITests */,
			);
		};
/* End PBXProject section */

/* Begin PBXResourcesBuildPhase section */
		BD14015D2C53AADE003E1A77 /* Resources */ = {
			isa = PBXResourcesBuildPhase;
			buildActionMask = 2147483647;
			files = (
				BD14016A2C53AADF003E1A77 /* Preview Assets.xcassets in Resources */,
				BD1401672C53AADF003E1A77 /* Assets.xcassets in Resources */,
			);
			runOnlyForDeploymentPostprocessing = 0;
		};
		BD14016D2C53AADF003E1A77 /* Resources */ = {
			isa = PBXResourcesBuildPhase;
			buildActionMask = 2147483647;
			files = (
			);
			runOnlyForDeploymentPostprocessing = 0;
		};
		BD1401772C53AADF003E1A77 /* Resources */ = {
			isa = PBXResourcesBuildPhase;
			buildActionMask = 2147483647;
			files = (
			);
			runOnlyForDeploymentPostprocessing = 0;
		};
/* End PBXResourcesBuildPhase section */

/* Begin PBXSourcesBuildPhase section */
		BD14015B2C53AADE003E1A77 /* Sources */ = {
			isa = PBXSourcesBuildPhase;
			buildActionMask = 2147483647;
			files = (
				BD1401912C53AF7A003E1A77 /* incorrect.swift in Sources */,
				BD1401652C53AADE003E1A77 /* ContentView.swift in Sources */,
				BD1401A12C53B53C003E1A77 /* winner.swift in Sources */,
				BD1401932C53B033003E1A77 /* first.swift in Sources */,
				BD14018D2C53AB15003E1A77 /* secondView.swift in Sources */,
				BD1401952C53B10C003E1A77 /* second.swift in Sources */,
				BD14018F2C53ADF5003E1A77 /* correct.swift in Sources */,
				BD1401992C53B26F003E1A77 /* incorrectTwo.swift in Sources */,
				BD14019F2C53B497003E1A77 /* correctThree.swift in Sources */,
				BD1401632C53AADE003E1A77 /* quizApp.swift in Sources */,
				BD1401972C53B203003E1A77 /* correctTwo.swift in Sources */,
				BD14019D2C53B431003E1A77 /* incorrectThree.swift in Sources */,
				BD14019B2C53B2CC003E1A77 /* third.swift in Sources */,
			);
			runOnlyForDeploymentPostprocessing = 0;
		};
		BD14016B2C53AADF003E1A77 /* Sources */ = {
			isa = PBXSourcesBuildPhase;
			buildActionMask = 2147483647;
			files = (
				BD1401742C53AADF003E1A77 /* quizTests.swift in Sources */,
			);
			runOnlyForDeploymentPostprocessing = 0;
		};
		BD1401752C53AADF003E1A77 /* Sources */ = {
			isa = PBXSourcesBuildPhase;
			buildActionMask = 2147483647;
			files = (
				BD14017E2C53AADF003E1A77 /* quizUITests.swift in Sources */,
				BD1401802C53AADF003E1A77 /* quizUITestsLaunchTests.swift in Sources */,
			);
			runOnlyForDeploymentPostprocessing = 0;
		};
/* End PBXSourcesBuildPhase section */

/* Begin PBXTargetDependency section */
		BD1401712C53AADF003E1A77 /* PBXTargetDependency */ = {
			isa = PBXTargetDependency;
			target = BD14015E2C53AADE003E1A77 /* quiz */;
			targetProxy = BD1401702C53AADF003E1A77 /* PBXContainerItemProxy */;
		};
		BD14017B2C53AADF003E1A77 /* PBXTargetDependency */ = {
			isa = PBXTargetDependency;
			target = BD14015E2C53AADE003E1A77 /* quiz */;
			targetProxy = BD14017A2C53AADF003E1A77 /* PBXContainerItemProxy */;
		};
/* End PBXTargetDependency section */

/* Begin XCBuildConfiguration section */
		BD1401812C53AADF003E1A77 /* Debug */ = {
			isa = XCBuildConfiguration;
			buildSettings = {
				ALWAYS_SEARCH_USER_PATHS = NO;
				ASSETCATALOG_COMPILER_GENERATE_SWIFT_ASSET_SYMBOL_EXTENSIONS = YES;
				CLANG_ANALYZER_NONNULL = YES;
				CLANG_ANALYZER_NUMBER_OBJECT_CONVERSION = YES_AGGRESSIVE;
				CLANG_CXX_LANGUAGE_STANDARD = "gnu++20";
				CLANG_ENABLE_MODULES = YES;
				CLANG_ENABLE_OBJC_ARC = YES;
				CLANG_ENABLE_OBJC_WEAK = YES;
				CLANG_WARN_BLOCK_CAPTURE_AUTORELEASING = YES;
				CLANG_WARN_BOOL_CONVERSION = YES;
				CLANG_WARN_COMMA = YES;
				CLANG_WARN_CONSTANT_CONVERSION = YES;
				CLANG_WARN_DEPRECATED_OBJC_IMPLEMENTATIONS = YES;
				CLANG_WARN_DIRECT_OBJC_ISA_USAGE = YES_ERROR;
				CLANG_WARN_DOCUMENTATION_COMMENTS = YES;
				CLANG_WARN_EMPTY_BODY = YES;
				CLANG_WARN_ENUM_CONVERSION = YES;
				CLANG_WARN_INFINITE_RECURSION = YES;
				CLANG_WARN_INT_CONVERSION = YES;
				CLANG_WARN_NON_LITERAL_NULL_CONVERSION = YES;
				CLANG_WARN_OBJC_IMPLICIT_RETAIN_SELF = YES;
				CLANG_WARN_OBJC_LITERAL_CONVERSION = YES;
				CLANG_WARN_OBJC_ROOT_CLASS = YES_ERROR;
				CLANG_WARN_QUOTED_INCLUDE_IN_FRAMEWORK_HEADER = YES;
				CLANG_WARN_RANGE_LOOP_ANALYSIS = YES;
				CLANG_WARN_STRICT_PROTOTYPES = YES;
				CLANG_WARN_SUSPICIOUS_MOVE = YES;
				CLANG_WARN_UNGUARDED_AVAILABILITY = YES_AGGRESSIVE;
				CLANG_WARN_UNREACHABLE_CODE = YES;
				CLANG_WARN__DUPLICATE_METHOD_MATCH = YES;
				COPY_PHASE_STRIP = NO;
				DEBUG_INFORMATION_FORMAT = dwarf;
				ENABLE_STRICT_OBJC_MSGSEND = YES;
				ENABLE_TESTABILITY = YES;
				ENABLE_USER_SCRIPT_SANDBOXING = YES;
				GCC_C_LANGUAGE_STANDARD = gnu17;
				GCC_DYNAMIC_NO_PIC = NO;
				GCC_NO_COMMON_BLOCKS = YES;
				GCC_OPTIMIZATION_LEVEL = 0;
				GCC_PREPROCESSOR_DEFINITIONS = (
					"DEBUG=1",
					"$(inherited)",
				);
				GCC_WARN_64_TO_32_BIT_CONVERSION = YES;
				GCC_WARN_ABOUT_RETURN_TYPE = YES_ERROR;
				GCC_WARN_UNDECLARED_SELECTOR = YES;
				GCC_WARN_UNINITIALIZED_AUTOS = YES_AGGRESSIVE;
				GCC_WARN_UNUSED_FUNCTION = YES;
				GCC_WARN_UNUSED_VARIABLE = YES;
				IPHONEOS_DEPLOYMENT_TARGET = 17.5;
				LOCALIZATION_PREFERS_STRING_CATALOGS = YES;
				MTL_ENABLE_DEBUG_INFO = INCLUDE_SOURCE;
				MTL_FAST_MATH = YES;
				ONLY_ACTIVE_ARCH = YES;
				SDKROOT = iphoneos;
				SWIFT_ACTIVE_COMPILATION_CONDITIONS = "DEBUG $(inherited)";
				SWIFT_OPTIMIZATION_LEVEL = "-Onone";
			};
			name = Debug;
		};
		BD1401822C53AADF003E1A77 /* Release */ = {
			isa = XCBuildConfiguration;
			buildSettings = {
				ALWAYS_SEARCH_USER_PATHS = NO;
				ASSETCATALOG_COMPILER_GENERATE_SWIFT_ASSET_SYMBOL_EXTENSIONS = YES;
				CLANG_ANALYZER_NONNULL = YES;
				CLANG_ANALYZER_NUMBER_OBJECT_CONVERSION = YES_AGGRESSIVE;
				CLANG_CXX_LANGUAGE_STANDARD = "gnu++20";
				CLANG_ENABLE_MODULES = YES;
				CLANG_ENABLE_OBJC_ARC = YES;
				CLANG_ENABLE_OBJC_WEAK = YES;
				CLANG_WARN_BLOCK_CAPTURE_AUTORELEASING = YES;
				CLANG_WARN_BOOL_CONVERSION = YES;
				CLANG_WARN_COMMA = YES;
				CLANG_WARN_CONSTANT_CONVERSION = YES;
				CLANG_WARN_DEPRECATED_OBJC_IMPLEMENTATIONS = YES;
				CLANG_WARN_DIRECT_OBJC_ISA_USAGE = YES_ERROR;
				CLANG_WARN_DOCUMENTATION_COMMENTS = YES;
				CLANG_WARN_EMPTY_BODY = YES;
				CLANG_WARN_ENUM_CONVERSION = YES;
				CLANG_WARN_INFINITE_RECURSION = YES;
				CLANG_WARN_INT_CONVERSION = YES;
				CLANG_WARN_NON_LITERAL_NULL_CONVERSION = YES;
				CLANG_WARN_OBJC_IMPLICIT_RETAIN_SELF = YES;
				CLANG_WARN_OBJC_LITERAL_CONVERSION = YES;
				CLANG_WARN_OBJC_ROOT_CLASS = YES_ERROR;
				CLANG_WARN_QUOTED_INCLUDE_IN_FRAMEWORK_HEADER = YES;
				CLANG_WARN_RANGE_LOOP_ANALYSIS = YES;
				CLANG_WARN_STRICT_PROTOTYPES = YES;
				CLANG_WARN_SUSPICIOUS_MOVE = YES;
				CLANG_WARN_UNGUARDED_AVAILABILITY = YES_AGGRESSIVE;
				CLANG_WARN_UNREACHABLE_CODE = YES;
				CLANG_WARN__DUPLICATE_METHOD_MATCH = YES;
				COPY_PHASE_STRIP = NO;
				DEBUG_INFORMATION_FORMAT = "dwarf-with-dsym";
				ENABLE_NS_ASSERTIONS = NO;
				ENABLE_STRICT_OBJC_MSGSEND = YES;
				ENABLE_USER_SCRIPT_SANDBOXING = YES;
				GCC_C_LANGUAGE_STANDARD = gnu17;
				GCC_NO_COMMON_BLOCKS = YES;
				GCC_WARN_64_TO_32_BIT_CONVERSION = YES;
				GCC_WARN_ABOUT_RETURN_TYPE = YES_ERROR;
				GCC_WARN_UNDECLARED_SELECTOR = YES;
				GCC_WARN_UNINITIALIZED_AUTOS = YES_AGGRESSIVE;
				GCC_WARN_UNUSED_FUNCTION = YES;
				GCC_WARN_UNUSED_VARIABLE = YES;
				IPHONEOS_DEPLOYMENT_TARGET = 17.5;
				LOCALIZATION_PREFERS_STRING_CATALOGS = YES;
				MTL_ENABLE_DEBUG_INFO = NO;
				MTL_FAST_MATH = YES;
				SDKROOT = iphoneos;
				SWIFT_COMPILATION_MODE = wholemodule;
				VALIDATE_PRODUCT = YES;
			};
			name = Release;
		};
		BD1401842C53AADF003E1A77 /* Debug */ = {
			isa = XCBuildConfiguration;
			buildSettings = {
				ASSETCATALOG_COMPILER_APPICON_NAME = AppIcon;
				ASSETCATALOG_COMPILER_GLOBAL_ACCENT_COLOR_NAME = AccentColor;
				CODE_SIGN_STYLE = Automatic;
				CURRENT_PROJECT_VERSION = 1;
				DEVELOPMENT_ASSET_PATHS = "\"quiz/Preview Content\"";
				ENABLE_PREVIEWS = YES;
				GENERATE_INFOPLIST_FILE = YES;
				INFOPLIST_KEY_UIApplicationSceneManifest_Generation = YES;
				INFOPLIST_KEY_UIApplicationSupportsIndirectInputEvents = YES;
				INFOPLIST_KEY_UILaunchScreen_Generation = YES;
				INFOPLIST_KEY_UISupportedInterfaceOrientations_iPad = "UIInterfaceOrientationPortrait UIInterfaceOrientationPortraitUpsideDown UIInterfaceOrientationLandscapeLeft UIInterfaceOrientationLandscapeRight";
				INFOPLIST_KEY_UISupportedInterfaceOrientations_iPhone = "UIInterfaceOrientationPortrait UIInterfaceOrientationLandscapeLeft UIInterfaceOrientationLandscapeRight";
				LD_RUNPATH_SEARCH_PATHS = (
					"$(inherited)",
					"@executable_path/Frameworks",
				);
				MARKETING_VERSION = 1.0;
				PRODUCT_BUNDLE_IDENTIFIER = kwk.quiz;
				PRODUCT_NAME = "$(TARGET_NAME)";
				SWIFT_EMIT_LOC_STRINGS = YES;
				SWIFT_VERSION = 5.0;
				TARGETED_DEVICE_FAMILY = "1,2";
			};
			name = Debug;
		};
		BD1401852C53AADF003E1A77 /* Release */ = {
			isa = XCBuildConfiguration;
			buildSettings = {
				ASSETCATALOG_COMPILER_APPICON_NAME = AppIcon;
				ASSETCATALOG_COMPILER_GLOBAL_ACCENT_COLOR_NAME = AccentColor;
				CODE_SIGN_STYLE = Automatic;
				CURRENT_PROJECT_VERSION = 1;
				DEVELOPMENT_ASSET_PATHS = "\"quiz/Preview Content\"";
				ENABLE_PREVIEWS = YES;
				GENERATE_INFOPLIST_FILE = YES;
				INFOPLIST_KEY_UIApplicationSceneManifest_Generation = YES;
				INFOPLIST_KEY_UIApplicationSupportsIndirectInputEvents = YES;
				INFOPLIST_KEY_UILaunchScreen_Generation = YES;
				INFOPLIST_KEY_UISupportedInterfaceOrientations_iPad = "UIInterfaceOrientationPortrait UIInterfaceOrientationPortraitUpsideDown UIInterfaceOrientationLandscapeLeft UIInterfaceOrientationLandscapeRight";
				INFOPLIST_KEY_UISupportedInterfaceOrientations_iPhone = "UIInterfaceOrientationPortrait UIInterfaceOrientationLandscapeLeft UIInterfaceOrientationLandscapeRight";
				LD_RUNPATH_SEARCH_PATHS = (
					"$(inherited)",
					"@executable_path/Frameworks",
				);
				MARKETING_VERSION = 1.0;
				PRODUCT_BUNDLE_IDENTIFIER = kwk.quiz;
				PRODUCT_NAME = "$(TARGET_NAME)";
				SWIFT_EMIT_LOC_STRINGS = YES;
				SWIFT_VERSION = 5.0;
				TARGETED_DEVICE_FAMILY = "1,2";
			};
			name = Release;
		};
		BD1401872C53AADF003E1A77 /* Debug */ = {
			isa = XCBuildConfiguration;
			buildSettings = {
				ALWAYS_EMBED_SWIFT_STANDARD_LIBRARIES = YES;
				BUNDLE_LOADER = "$(TEST_HOST)";
				CODE_SIGN_STYLE = Automatic;
				CURRENT_PROJECT_VERSION = 1;
				GENERATE_INFOPLIST_FILE = YES;
				IPHONEOS_DEPLOYMENT_TARGET = 17.5;
				MARKETING_VERSION = 1.0;
				PRODUCT_BUNDLE_IDENTIFIER = kwk.quizTests;
				PRODUCT_NAME = "$(TARGET_NAME)";
				SWIFT_EMIT_LOC_STRINGS = NO;
				SWIFT_VERSION = 5.0;
				TARGETED_DEVICE_FAMILY = "1,2";
				TEST_HOST = "$(BUILT_PRODUCTS_DIR)/quiz.app/$(BUNDLE_EXECUTABLE_FOLDER_PATH)/quiz";
			};
			name = Debug;
		};
		BD1401882C53AADF003E1A77 /* Release */ = {
			isa = XCBuildConfiguration;
			buildSettings = {
				ALWAYS_EMBED_SWIFT_STANDARD_LIBRARIES = YES;
				BUNDLE_LOADER = "$(TEST_HOST)";
				CODE_SIGN_STYLE = Automatic;
				CURRENT_PROJECT_VERSION = 1;
				GENERATE_INFOPLIST_FILE = YES;
				IPHONEOS_DEPLOYMENT_TARGET = 17.5;
				MARKETING_VERSION = 1.0;
				PRODUCT_BUNDLE_IDENTIFIER = kwk.quizTests;
				PRODUCT_NAME = "$(TARGET_NAME)";
				SWIFT_EMIT_LOC_STRINGS = NO;
				SWIFT_VERSION = 5.0;
				TARGETED_DEVICE_FAMILY = "1,2";
				TEST_HOST = "$(BUILT_PRODUCTS_DIR)/quiz.app/$(BUNDLE_EXECUTABLE_FOLDER_PATH)/quiz";
			};
			name = Release;
		};
		BD14018A2C53AADF003E1A77 /* Debug */ = {
			isa = XCBuildConfiguration;
			buildSettings = {
				ALWAYS_EMBED_SWIFT_STANDARD_LIBRARIES = YES;
				CODE_SIGN_STYLE = Automatic;
				CURRENT_PROJECT_VERSION = 1;
				GENERATE_INFOPLIST_FILE = YES;
				MARKETING_VERSION = 1.0;
				PRODUCT_BUNDLE_IDENTIFIER = kwk.quizUITests;
				PRODUCT_NAME = "$(TARGET_NAME)";
				SWIFT_EMIT_LOC_STRINGS = NO;
				SWIFT_VERSION = 5.0;
				TARGETED_DEVICE_FAMILY = "1,2";
				TEST_TARGET_NAME = quiz;
			};
			name = Debug;
		};
		BD14018B2C53AADF003E1A77 /* Release */ = {
			isa = XCBuildConfiguration;
			buildSettings = {
				ALWAYS_EMBED_SWIFT_STANDARD_LIBRARIES = YES;
				CODE_SIGN_STYLE = Automatic;
				CURRENT_PROJECT_VERSION = 1;
				GENERATE_INFOPLIST_FILE = YES;
				MARKETING_VERSION = 1.0;
				PRODUCT_BUNDLE_IDENTIFIER = kwk.quizUITests;
				PRODUCT_NAME = "$(TARGET_NAME)";
				SWIFT_EMIT_LOC_STRINGS = NO;
				SWIFT_VERSION = 5.0;
				TARGETED_DEVICE_FAMILY = "1,2";
				TEST_TARGET_NAME = quiz;
			};
			name = Release;
		};
/* End XCBuildConfiguration section */

/* Begin XCConfigurationList section */
		BD14015A2C53AADE003E1A77 /* Build configuration list for PBXProject "quiz" */ = {
			isa = XCConfigurationList;
			buildConfigurations = (
				BD1401812C53AADF003E1A77 /* Debug */,
				BD1401822C53AADF003E1A77 /* Release */,
			);
			defaultConfigurationIsVisible = 0;
			defaultConfigurationName = Release;
		};
		BD1401832C53AADF003E1A77 /* Build configuration list for PBXNativeTarget "quiz" */ = {
			isa = XCConfigurationList;
			buildConfigurations = (
				BD1401842C53AADF003E1A77 /* Debug */,
				BD1401852C53AADF003E1A77 /* Release */,
			);
			defaultConfigurationIsVisible = 0;
			defaultConfigurationName = Release;
		};
		BD1401862C53AADF003E1A77 /* Build configuration list for PBXNativeTarget "quizTests" */ = {
			isa = XCConfigurationList;
			buildConfigurations = (
				BD1401872C53AADF003E1A77 /* Debug */,
				BD1401882C53AADF003E1A77 /* Release */,
			);
			defaultConfigurationIsVisible = 0;
			defaultConfigurationName = Release;
		};
		BD1401892C53AADF003E1A77 /* Build configuration list for PBXNativeTarget "quizUITests" */ = {
			isa = XCConfigurationList;
			buildConfigurations = (
				BD14018A2C53AADF003E1A77 /* Debug */,
				BD14018B2C53AADF003E1A77 /* Release */,
			);
			defaultConfigurationIsVisible = 0;
			defaultConfigurationName = Release;
		};
/* End XCConfigurationList section */
	};
	rootObject = BD1401572C53AADE003E1A77 /* Project object */;
}
